
Microsoft Visual Studio Solution File, Format Version 12.00
# Visual Studio Version 17
VisualStudioVersion = 17.11.35327.3
MinimumVisualStudioVersion = 10.0.40219.1
Project("{FAE04EC0-301F-11D3-BF4B-00C04F79EFBC}") = "task04tests", "task04tests\task04tests.csproj", "{33BC032D-E746-4D71-9ECD-05338801BAED}"
EndProject
Project("{FAE04EC0-301F-11D3-BF4B-00C04F79EFBC}") = "task04", "task04\task04.csproj", "{FA71C178-2F4B-4A59-B38D-2511645862FC}"
EndProject
Global
	GlobalSection(SolutionConfigurationPlatforms) = preSolution
		Debug|Any CPU = Debug|Any CPU
		Release|Any CPU = Release|Any CPU
	EndGlobalSection
	GlobalSection(ProjectConfigurationPlatforms) = postSolution
		{33BC032D-E746-4D71-9ECD-05338801BAED}.Debug|Any CPU.ActiveCfg = Debug|Any CPU
		{33BC032D-E746-4D71-9ECD-05338801BAED}.Debug|Any CPU.Build.0 = Debug|Any CPU
		{33BC032D-E746-4D71-9ECD-05338801BAED}.Release|Any CPU.ActiveCfg = Release|Any CPU
		{33BC032D-E746-4D71-9ECD-05338801BAED}.Release|Any CPU.Build.0 = Release|Any CPU
		{FA71C178-2F4B-4A59-B38D-2511645862FC}.Debug|Any CPU.ActiveCfg = Debug|Any CPU
		{FA71C178-2F4B-4A59-B38D-2511645862FC}.Debug|Any CPU.Build.0 = Debug|Any CPU
		{FA71C178-2F4B-4A59-B38D-2511645862FC}.Release|Any CPU.ActiveCfg = Release|Any CPU
		{FA71C178-2F4B-4A59-B38D-2511645862FC}.Release|Any CPU.Build.0 = Release|Any CPU
	EndGlobalSection
	GlobalSection(SolutionProperties) = preSolution
		HideSolutionNode = FALSE
	EndGlobalSection
	GlobalSection(ExtensibilityGlobals) = postSolution
		SolutionGuid = {79395E50-2CC6-4DAF-96AC-DAD6343A817F}
	EndGlobalSection
EndGlobal
