
Microsoft Visual Studio Solution File, Format Version 12.00
# Visual Studio Version 17
VisualStudioVersion = 17.11.35327.3
MinimumVisualStudioVersion = 10.0.40219.1
Project("{FAE04EC0-301F-11D3-BF4B-00C04F79EFBC}") = "task03", "task03\task03.csproj", "{46A72641-D70B-403B-9C36-313CA652E8D3}"
EndProject
Project("{FAE04EC0-301F-11D3-BF4B-00C04F79EFBC}") = "task03tests", "task03tests\task03tests.csproj", "{6C6AD018-41C6-471F-8197-BA1632FCC8E3}"
EndProject
Global
	GlobalSection(SolutionConfigurationPlatforms) = preSolution
		Debug|Any CPU = Debug|Any CPU
		Release|Any CPU = Release|Any CPU
	EndGlobalSection
	GlobalSection(ProjectConfigurationPlatforms) = postSolution
		{46A72641-D70B-403B-9C36-313CA652E8D3}.Debug|Any CPU.ActiveCfg = Debug|Any CPU
		{46A72641-D70B-403B-9C36-313CA652E8D3}.Debug|Any CPU.Build.0 = Debug|Any CPU
		{46A72641-D70B-403B-9C36-313CA652E8D3}.Release|Any CPU.ActiveCfg = Release|Any CPU
		{46A72641-D70B-403B-9C36-313CA652E8D3}.Release|Any CPU.Build.0 = Release|Any CPU
		{6C6AD018-41C6-471F-8197-BA1632FCC8E3}.Debug|Any CPU.ActiveCfg = Debug|Any CPU
		{6C6AD018-41C6-471F-8197-BA1632FCC8E3}.Debug|Any CPU.Build.0 = Debug|Any CPU
		{6C6AD018-41C6-471F-8197-BA1632FCC8E3}.Release|Any CPU.ActiveCfg = Release|Any CPU
		{6C6AD018-41C6-471F-8197-BA1632FCC8E3}.Release|Any CPU.Build.0 = Release|Any CPU
	EndGlobalSection
	GlobalSection(SolutionProperties) = preSolution
		HideSolutionNode = FALSE
	EndGlobalSection
	GlobalSection(ExtensibilityGlobals) = postSolution
		SolutionGuid = {26571F1D-4B5F-42BA-83E5-C2F2FE1F552A}
	EndGlobalSection
EndGlobal
